
Microsoft Visual Studio Solution File, Format Version 12.00
# Visual Studio Version 17
VisualStudioVersion = 17.8.34511.84
MinimumVisualStudioVersion = 10.0.40219.1
Project("{FAE04EC0-301F-11D3-BF4B-00C04F79EFBC}") = "GlassLoginPage", "GlassLoginPage\GlassLoginPage.csproj", "{EFAE5B49-F132-4465-A765-E0F42C4EC0A1}"
EndProject
Global
	GlobalSection(SolutionConfigurationPlatforms) = preSolution
		Debug|Any CPU = Debug|Any CPU
		Release|Any CPU = Release|Any CPU
	EndGlobalSection
	GlobalSection(ProjectConfigurationPlatforms) = postSolution
		{EFAE5B49-F132-4465-A765-E0F42C4EC0A1}.Debug|Any CPU.ActiveCfg = Debug|Any CPU
		{EFAE5B49-F132-4465-A765-E0F42C4EC0A1}.Debug|Any CPU.Build.0 = Debug|Any CPU
		{EFAE5B49-F132-4465-A765-E0F42C4EC0A1}.Release|Any CPU.ActiveCfg = Release|Any CPU
		{EFAE5B49-F132-4465-A765-E0F42C4EC0A1}.Release|Any CPU.Build.0 = Release|Any CPU
	EndGlobalSection
	GlobalSection(SolutionProperties) = preSolution
		HideSolutionNode = FALSE
	EndGlobalSection
	GlobalSection(ExtensibilityGlobals) = postSolution
		SolutionGuid = {AEF1AF54-3BE4-4ECD-A605-71B9F22AFD42}
	EndGlobalSection
EndGlobal
